
Microsoft Visual Studio Solution File, Format Version 12.00
# Visual Studio Version 16
VisualStudioVersion = 16.0.31613.86
MinimumVisualStudioVersion = 10.0.40219.1
Project("{2150E333-8FDC-42A3-9474-1A3956D46DE8}") = "src", "src", "{D59C0288-07F5-48EA-8661-57366819A62E}"
EndProject
Project("{2150E333-8FDC-42A3-9474-1A3956D46DE8}") = "tests", "tests", "{DCFB9AFB-03F2-44B5-8A98-7D05EF53260B}"
EndProject
Project("{9A19103F-16F7-4668-BE54-9A1E7A4F7556}") = "GripItemTrade.Api", "src\GripItemTrade.Api\GripItemTrade.Api.csproj", "{5E40DB05-9B87-4320-B6F5-39519A0D22CF}"
EndProject
Project("{9A19103F-16F7-4668-BE54-9A1E7A4F7556}") = "GripItemTrade.Infrastructure", "src\GripItemTrade.Infrastructure\GripItemTrade.Infrastructure.csproj", "{964DD12D-AB69-452B-AF95-94C3BD0CC58E}"
EndProject
Project("{9A19103F-16F7-4668-BE54-9A1E7A4F7556}") = "GripItemTrade.Core", "src\GripItemTrade.Core\GripItemTrade.Core.csproj", "{7A4BCEC6-BD35-4030-8C28-CD3A1BF15BDA}"
EndProject
Project("{9A19103F-16F7-4668-BE54-9A1E7A4F7556}") = "GripItemTrade.Domain", "src\GripItemTrade.Domain\GripItemTrade.Domain.csproj", "{05BCA698-66F0-4E79-BFE7-3854AC78483C}"
EndProject
Project("{9A19103F-16F7-4668-BE54-9A1E7A4F7556}") = "GripItemTrade.Api.Tests", "tests\GripItemTrade.Api.Tests\GripItemTrade.Api.Tests.csproj", "{467FF8D5-1AD8-44F5-97CE-1705E7AFE29A}"
EndProject
Project("{9A19103F-16F7-4668-BE54-9A1E7A4F7556}") = "GripItemTrade.Infrastructure.Tests", "tests\GripItemTrade.Infrastructure.Tests\GripItemTrade.Infrastructure.Tests.csproj", "{26904BEE-75A0-4C14-A5AB-88CA67C21D88}"
EndProject
Project("{9A19103F-16F7-4668-BE54-9A1E7A4F7556}") = "GripItemTrade.Application", "src\GripItemTrade.Application\GripItemTrade.Application.csproj", "{CF138EA8-5AAE-433F-A68D-D14ACDAE9DF9}"
EndProject
Project("{E53339B2-1760-4266-BCC7-CA923CBCF16C}") = "docker-compose", "docker-compose.dcproj", "{61586218-F2BD-4821-BCB9-BB68620CFE82}"
EndProject
Project("{9A19103F-16F7-4668-BE54-9A1E7A4F7556}") = "GripItemTrade.Domain.Tests", "tests\GripItemTrade.Domain.Tests\GripItemTrade.Domain.Tests.csproj", "{17AB910F-DB88-4D89-8B72-EA272A0D2C78}"
EndProject
Global
	GlobalSection(SolutionConfigurationPlatforms) = preSolution
		Debug|Any CPU = Debug|Any CPU
		Release|Any CPU = Release|Any CPU
	EndGlobalSection
	GlobalSection(ProjectConfigurationPlatforms) = postSolution
		{5E40DB05-9B87-4320-B6F5-39519A0D22CF}.Debug|Any CPU.ActiveCfg = Debug|Any CPU
		{5E40DB05-9B87-4320-B6F5-39519A0D22CF}.Debug|Any CPU.Build.0 = Debug|Any CPU
		{5E40DB05-9B87-4320-B6F5-39519A0D22CF}.Release|Any CPU.ActiveCfg = Release|Any CPU
		{5E40DB05-9B87-4320-B6F5-39519A0D22CF}.Release|Any CPU.Build.0 = Release|Any CPU
		{964DD12D-AB69-452B-AF95-94C3BD0CC58E}.Debug|Any CPU.ActiveCfg = Debug|Any CPU
		{964DD12D-AB69-452B-AF95-94C3BD0CC58E}.Debug|Any CPU.Build.0 = Debug|Any CPU
		{964DD12D-AB69-452B-AF95-94C3BD0CC58E}.Release|Any CPU.ActiveCfg = Release|Any CPU
		{964DD12D-AB69-452B-AF95-94C3BD0CC58E}.Release|Any CPU.Build.0 = Release|Any CPU
		{7A4BCEC6-BD35-4030-8C28-CD3A1BF15BDA}.Debug|Any CPU.ActiveCfg = Debug|Any CPU
		{7A4BCEC6-BD35-4030-8C28-CD3A1BF15BDA}.Debug|Any CPU.Build.0 = Debug|Any CPU
		{7A4BCEC6-BD35-4030-8C28-CD3A1BF15BDA}.Release|Any CPU.ActiveCfg = Release|Any CPU
		{7A4BCEC6-BD35-4030-8C28-CD3A1BF15BDA}.Release|Any CPU.Build.0 = Release|Any CPU
		{05BCA698-66F0-4E79-BFE7-3854AC78483C}.Debug|Any CPU.ActiveCfg = Debug|Any CPU
		{05BCA698-66F0-4E79-BFE7-3854AC78483C}.Debug|Any CPU.Build.0 = Debug|Any CPU
		{05BCA698-66F0-4E79-BFE7-3854AC78483C}.Release|Any CPU.ActiveCfg = Release|Any CPU
		{05BCA698-66F0-4E79-BFE7-3854AC78483C}.Release|Any CPU.Build.0 = Release|Any CPU
		{467FF8D5-1AD8-44F5-97CE-1705E7AFE29A}.Debug|Any CPU.ActiveCfg = Debug|Any CPU
		{467FF8D5-1AD8-44F5-97CE-1705E7AFE29A}.Debug|Any CPU.Build.0 = Debug|Any CPU
		{467FF8D5-1AD8-44F5-97CE-1705E7AFE29A}.Release|Any CPU.ActiveCfg = Release|Any CPU
		{467FF8D5-1AD8-44F5-97CE-1705E7AFE29A}.Release|Any CPU.Build.0 = Release|Any CPU
		{26904BEE-75A0-4C14-A5AB-88CA67C21D88}.Debug|Any CPU.ActiveCfg = Debug|Any CPU
		{26904BEE-75A0-4C14-A5AB-88CA67C21D88}.Debug|Any CPU.Build.0 = Debug|Any CPU
		{26904BEE-75A0-4C14-A5AB-88CA67C21D88}.Release|Any CPU.ActiveCfg = Release|Any CPU
		{26904BEE-75A0-4C14-A5AB-88CA67C21D88}.Release|Any CPU.Build.0 = Release|Any CPU
		{CF138EA8-5AAE-433F-A68D-D14ACDAE9DF9}.Debug|Any CPU.ActiveCfg = Debug|Any CPU
		{CF138EA8-5AAE-433F-A68D-D14ACDAE9DF9}.Debug|Any CPU.Build.0 = Debug|Any CPU
		{CF138EA8-5AAE-433F-A68D-D14ACDAE9DF9}.Release|Any CPU.ActiveCfg = Release|Any CPU
		{CF138EA8-5AAE-433F-A68D-D14ACDAE9DF9}.Release|Any CPU.Build.0 = Release|Any CPU
		{61586218-F2BD-4821-BCB9-BB68620CFE82}.Debug|Any CPU.ActiveCfg = Debug|Any CPU
		{61586218-F2BD-4821-BCB9-BB68620CFE82}.Debug|Any CPU.Build.0 = Debug|Any CPU
		{61586218-F2BD-4821-BCB9-BB68620CFE82}.Release|Any CPU.ActiveCfg = Release|Any CPU
		{61586218-F2BD-4821-BCB9-BB68620CFE82}.Release|Any CPU.Build.0 = Release|Any CPU
		{17AB910F-DB88-4D89-8B72-EA272A0D2C78}.Debug|Any CPU.ActiveCfg = Debug|Any CPU
		{17AB910F-DB88-4D89-8B72-EA272A0D2C78}.Debug|Any CPU.Build.0 = Debug|Any CPU
		{17AB910F-DB88-4D89-8B72-EA272A0D2C78}.Release|Any CPU.ActiveCfg = Release|Any CPU
		{17AB910F-DB88-4D89-8B72-EA272A0D2C78}.Release|Any CPU.Build.0 = Release|Any CPU
	EndGlobalSection
	GlobalSection(SolutionProperties) = preSolution
		HideSolutionNode = FALSE
	EndGlobalSection
	GlobalSection(NestedProjects) = preSolution
		{5E40DB05-9B87-4320-B6F5-39519A0D22CF} = {D59C0288-07F5-48EA-8661-57366819A62E}
		{964DD12D-AB69-452B-AF95-94C3BD0CC58E} = {D59C0288-07F5-48EA-8661-57366819A62E}
		{7A4BCEC6-BD35-4030-8C28-CD3A1BF15BDA} = {D59C0288-07F5-48EA-8661-57366819A62E}
		{05BCA698-66F0-4E79-BFE7-3854AC78483C} = {D59C0288-07F5-48EA-8661-57366819A62E}
		{467FF8D5-1AD8-44F5-97CE-1705E7AFE29A} = {DCFB9AFB-03F2-44B5-8A98-7D05EF53260B}
		{26904BEE-75A0-4C14-A5AB-88CA67C21D88} = {DCFB9AFB-03F2-44B5-8A98-7D05EF53260B}
		{CF138EA8-5AAE-433F-A68D-D14ACDAE9DF9} = {D59C0288-07F5-48EA-8661-57366819A62E}
		{17AB910F-DB88-4D89-8B72-EA272A0D2C78} = {DCFB9AFB-03F2-44B5-8A98-7D05EF53260B}
	EndGlobalSection
	GlobalSection(ExtensibilityGlobals) = postSolution
		SolutionGuid = {F46702DB-5BE1-4380-9AA6-517D756379F6}
	EndGlobalSection
EndGlobal
